
Microsoft Visual Studio Solution File, Format Version 12.00
# Visual Studio 15
VisualStudioVersion = 15.0.27130.2010
MinimumVisualStudioVersion = 10.0.40219.1
Project("{9A19103F-16F7-4668-BE54-9A1E7A4F7556}") = "DataMocks", "DataMocks\DataMocks.csproj", "{A81BE155-723B-407C-93E9-6730EE88DA19}"
EndProject
Project("{9A19103F-16F7-4668-BE54-9A1E7A4F7556}") = "DataMocks.Test", "DataMocks.Test\DataMocks.Test.csproj", "{9570B86D-58DF-45B7-9DF0-9598D43BCC37}"
EndProject
Global
	GlobalSection(SolutionConfigurationPlatforms) = preSolution
		Debug|Any CPU = Debug|Any CPU
		Release|Any CPU = Release|Any CPU
	EndGlobalSection
	GlobalSection(ProjectConfigurationPlatforms) = postSolution
		{A81BE155-723B-407C-93E9-6730EE88DA19}.Debug|Any CPU.ActiveCfg = Debug|Any CPU
		{A81BE155-723B-407C-93E9-6730EE88DA19}.Debug|Any CPU.Build.0 = Debug|Any CPU
		{A81BE155-723B-407C-93E9-6730EE88DA19}.Release|Any CPU.ActiveCfg = Release|Any CPU
		{A81BE155-723B-407C-93E9-6730EE88DA19}.Release|Any CPU.Build.0 = Release|Any CPU
		{9570B86D-58DF-45B7-9DF0-9598D43BCC37}.Debug|Any CPU.ActiveCfg = Debug|Any CPU
		{9570B86D-58DF-45B7-9DF0-9598D43BCC37}.Debug|Any CPU.Build.0 = Debug|Any CPU
		{9570B86D-58DF-45B7-9DF0-9598D43BCC37}.Release|Any CPU.ActiveCfg = Release|Any CPU
		{9570B86D-58DF-45B7-9DF0-9598D43BCC37}.Release|Any CPU.Build.0 = Release|Any CPU
	EndGlobalSection
	GlobalSection(SolutionProperties) = preSolution
		HideSolutionNode = FALSE
	EndGlobalSection
	GlobalSection(ExtensibilityGlobals) = postSolution
		SolutionGuid = {5B798B1A-E33C-4441-8916-87F9F783CFC1}
	EndGlobalSection
EndGlobal
